{
  "requires": true,
  "lockfileVersion": 1,
  "dependencies": {
    "@babel/runtime-corejs2": {
      "version": "7.18.6",
      "resolved": "https://registry.npmmirror.com/@babel/runtime-corejs2/-/runtime-corejs2-7.18.6.tgz",
      "integrity": "sha512-bTfcOSG6AHGVCd37zqoBax2e6r4Gy+q3sW2BgLo3h63NdU30C2AKXW0swyQsX/Ik+Zd6eVKQ9TTBKJ9tZQgWig==",
      "requires": {
        "core-js": "^2.6.12",
        "regenerator-runtime": "^0.13.4"
      }
    },
    "core-js": {
      "version": "2.6.12",
      "resolved": "https://registry.npmmirror.com/core-js/-/core-js-2.6.12.tgz",
      "integrity": "sha512-Kb2wC0fvsWfQrgk8HU5lW6U/Lcs8+9aaYcy4ZFc6DDlo4nZ7n70dEgE5rtR0oG6ufKDUnrwfWL1mXR5ljDatrQ=="
    },
    "querystring": {
      "version": "0.2.1",
      "resolved": "https://registry.npmmirror.com/querystring/-/querystring-0.2.1.tgz",
      "integrity": "sha512-wkvS7mL/JMugcup3/rMitHmd9ecIGd2lhFhK9N3UUQ450h66d1r3Y9nvXzQAW1Lq+wyx61k/1pfKS5KuKiyEbg=="
    },
    "regenerator-runtime": {
      "version": "0.13.9",
      "resolved": "https://registry.npmmirror.com/regenerator-runtime/-/regenerator-runtime-0.13.9.tgz",
      "integrity": "sha512-p3VT+cOEgxFsRRA9X4lkI1E+k2/CtnKtU4gcxyaCUreilL/vqI6CdZ3wxVUx3UOUg+gnUOQQcRI7BmSI656MYA=="
    },
    "spark-md5": {
      "version": "3.0.2",
      "resolved": "https://registry.npmmirror.com/spark-md5/-/spark-md5-3.0.2.tgz",
      "integrity": "sha512-wcFzz9cDfbuqe0FZzfi2or1sgyIrsDwmPwfZC4hiNidPdPINjeUwNfv5kldczoEAcjl9Y1L3SM7Uz2PUEQzxQw=="
    }
  }
}
